
Microsoft Visual Studio Solution File, Format Version 12.00
# Visual Studio Version 17
VisualStudioVersion = 17.3.32811.315
MinimumVisualStudioVersion = 10.0.40219.1
Project("{FAE04EC0-301F-11D3-BF4B-00C04F79EFBC}") = "lab 5-1", "lab 5-1\lab 5-1.csproj", "{367CDA0F-10BE-40BD-B377-B2417F0BBCA9}"
EndProject
Global
	GlobalSection(SolutionConfigurationPlatforms) = preSolution
		Debug|Any CPU = Debug|Any CPU
		Release|Any CPU = Release|Any CPU
	EndGlobalSection
	GlobalSection(ProjectConfigurationPlatforms) = postSolution
		{367CDA0F-10BE-40BD-B377-B2417F0BBCA9}.Debug|Any CPU.ActiveCfg = Debug|Any CPU
		{367CDA0F-10BE-40BD-B377-B2417F0BBCA9}.Debug|Any CPU.Build.0 = Debug|Any CPU
		{367CDA0F-10BE-40BD-B377-B2417F0BBCA9}.Release|Any CPU.ActiveCfg = Release|Any CPU
		{367CDA0F-10BE-40BD-B377-B2417F0BBCA9}.Release|Any CPU.Build.0 = Release|Any CPU
	EndGlobalSection
	GlobalSection(SolutionProperties) = preSolution
		HideSolutionNode = FALSE
	EndGlobalSection
	GlobalSection(ExtensibilityGlobals) = postSolution
		SolutionGuid = {A3CC32D3-8066-43ED-8E5E-A82ED5BC30DB}
	EndGlobalSection
EndGlobal
